
Microsoft Visual Studio Solution File, Format Version 12.00
# Visual Studio 2013
VisualStudioVersion = 12.0.21005.1
MinimumVisualStudioVersion = 10.0.40219.1
Project("{FAE04EC0-301F-11D3-BF4B-00C04F79EFBC}") = "PapiroMVC", "PapiroMVC\PapiroMVC.csproj", "{25030C7B-252C-4EE2-BA81-7A72190CBE03}"
EndProject
Project("{FAE04EC0-301F-11D3-BF4B-00C04F79EFBC}") = "SchemaManagemet", "SchemaManagement\SchemaManagemet\SchemaManagemet.csproj", "{4F756F7E-1A8E-4BC9-BFAC-62B4EE18EA55}"
EndProject
Project("{FAE04EC0-301F-11D3-BF4B-00C04F79EFBC}") = "Mvc.HtmlHelper.jqGrid", "Mvc.HtmlHelper.jqGrid\Mvc.HtmlHelper.jqGrid.csproj", "{6E40CC48-8EDF-4608-9BD3-D43A9B649409}"
EndProject
Project("{FAE04EC0-301F-11D3-BF4B-00C04F79EFBC}") = "SystemTest", "SystemTest\SystemTest.csproj", "{D0AA01A8-AF16-4491-B874-8E4CB2800E4F}"
EndProject
Global
	GlobalSection(SolutionConfigurationPlatforms) = preSolution
		Debug|Any CPU = Debug|Any CPU
		Release|Any CPU = Release|Any CPU
	EndGlobalSection
	GlobalSection(ProjectConfigurationPlatforms) = postSolution
		{25030C7B-252C-4EE2-BA81-7A72190CBE03}.Debug|Any CPU.ActiveCfg = Debug|Any CPU
		{25030C7B-252C-4EE2-BA81-7A72190CBE03}.Debug|Any CPU.Build.0 = Debug|Any CPU
		{25030C7B-252C-4EE2-BA81-7A72190CBE03}.Release|Any CPU.ActiveCfg = Release|Any CPU
		{25030C7B-252C-4EE2-BA81-7A72190CBE03}.Release|Any CPU.Build.0 = Release|Any CPU
		{4F756F7E-1A8E-4BC9-BFAC-62B4EE18EA55}.Debug|Any CPU.ActiveCfg = Debug|Any CPU
		{4F756F7E-1A8E-4BC9-BFAC-62B4EE18EA55}.Debug|Any CPU.Build.0 = Debug|Any CPU
		{4F756F7E-1A8E-4BC9-BFAC-62B4EE18EA55}.Release|Any CPU.ActiveCfg = Release|Any CPU
		{4F756F7E-1A8E-4BC9-BFAC-62B4EE18EA55}.Release|Any CPU.Build.0 = Release|Any CPU
		{6E40CC48-8EDF-4608-9BD3-D43A9B649409}.Debug|Any CPU.ActiveCfg = Debug|Any CPU
		{6E40CC48-8EDF-4608-9BD3-D43A9B649409}.Debug|Any CPU.Build.0 = Debug|Any CPU
		{6E40CC48-8EDF-4608-9BD3-D43A9B649409}.Release|Any CPU.ActiveCfg = Release|Any CPU
		{6E40CC48-8EDF-4608-9BD3-D43A9B649409}.Release|Any CPU.Build.0 = Release|Any CPU
		{D0AA01A8-AF16-4491-B874-8E4CB2800E4F}.Debug|Any CPU.ActiveCfg = Debug|Any CPU
		{D0AA01A8-AF16-4491-B874-8E4CB2800E4F}.Debug|Any CPU.Build.0 = Debug|Any CPU
		{D0AA01A8-AF16-4491-B874-8E4CB2800E4F}.Release|Any CPU.ActiveCfg = Release|Any CPU
		{D0AA01A8-AF16-4491-B874-8E4CB2800E4F}.Release|Any CPU.Build.0 = Release|Any CPU
	EndGlobalSection
	GlobalSection(SolutionProperties) = preSolution
		HideSolutionNode = FALSE
	EndGlobalSection
EndGlobal
