
Microsoft Visual Studio Solution File, Format Version 11.00
# Visual Studio 2010
Project("{FAE04EC0-301F-11D3-BF4B-00C04F79EFBC}") = "SchemaManagemet", "SchemaManagemet.csproj", "{4F756F7E-1A8E-4BC9-BFAC-62B4EE18EA55}"
EndProject
Global
	GlobalSection(SolutionConfigurationPlatforms) = preSolution
		Debug|Any CPU = Debug|Any CPU
		Release|Any CPU = Release|Any CPU
	EndGlobalSection
	GlobalSection(ProjectConfigurationPlatforms) = postSolution
		{4F756F7E-1A8E-4BC9-BFAC-62B4EE18EA55}.Debug|Any CPU.ActiveCfg = Release|Any CPU
		{4F756F7E-1A8E-4BC9-BFAC-62B4EE18EA55}.Debug|Any CPU.Build.0 = Release|Any CPU
		{4F756F7E-1A8E-4BC9-BFAC-62B4EE18EA55}.Release|Any CPU.ActiveCfg = Release|Any CPU
		{4F756F7E-1A8E-4BC9-BFAC-62B4EE18EA55}.Release|Any CPU.Build.0 = Release|Any CPU
	EndGlobalSection
	GlobalSection(SolutionProperties) = preSolution
		HideSolutionNode = FALSE
	EndGlobalSection
EndGlobal
